// !$*UTF8*$!
{
	archiveVersion = 1;
	classes = {
	};
	objectVersion = 56;
	objects = {

/* Begin PBXBuildFile section */
		6A106E9229E8947B00A521CC /* VideoModel.swift in Sources */ = {isa = PBXBuildFile; fileRef = 6A106E9129E8947B00A521CC /* VideoModel.swift */; };
		6A106E9429E8952E00A521CC /* VideoListItemView.swift in Sources */ = {isa = PBXBuildFile; fileRef = 6A106E9329E8952E00A521CC /* VideoListItemView.swift */; };
		6A106E9629E89CCC00A521CC /* VideoPlayerView.swift in Sources */ = {isa = PBXBuildFile; fileRef = 6A106E9529E89CCC00A521CC /* VideoPlayerView.swift */; };
		6A106EA429E8A1F200A521CC /* VideoPlayerHelper.swift in Sources */ = {isa = PBXBuildFile; fileRef = 6A106EA329E8A1F200A521CC /* VideoPlayerHelper.swift */; };
		6A106EAF29E8A7BD00A521CC /* cheetah.mp4 in Resources */ = {isa = PBXBuildFile; fileRef = 6A106EA529E8A7BB00A521CC /* cheetah.mp4 */; };
		6A106EB029E8A7BD00A521CC /* giraffe.mp4 in Resources */ = {isa = PBXBuildFile; fileRef = 6A106EA629E8A7BC00A521CC /* giraffe.mp4 */; };
		6A106EB129E8A7BD00A521CC /* gorilla.mp4 in Resources */ = {isa = PBXBuildFile; fileRef = 6A106EA729E8A7BC00A521CC /* gorilla.mp4 */; };
		6A106EB229E8A7BD00A521CC /* lion.mp4 in Resources */ = {isa = PBXBuildFile; fileRef = 6A106EA829E8A7BC00A521CC /* lion.mp4 */; };
		6A106EB329E8A7BD00A521CC /* lioness.mp4 in Resources */ = {isa = PBXBuildFile; fileRef = 6A106EA929E8A7BC00A521CC /* lioness.mp4 */; };
		6A106EB429E8A7BD00A521CC /* zebra.mp4 in Resources */ = {isa = PBXBuildFile; fileRef = 6A106EAA29E8A7BC00A521CC /* zebra.mp4 */; };
		6A106EB529E8A7BD00A521CC /* elephant.mp4 in Resources */ = {isa = PBXBuildFile; fileRef = 6A106EAB29E8A7BD00A521CC /* elephant.mp4 */; };
		6A106EB629E8A7BD00A521CC /* hippo.mp4 in Resources */ = {isa = PBXBuildFile; fileRef = 6A106EAC29E8A7BD00A521CC /* hippo.mp4 */; };
		6A106EB729E8A7BD00A521CC /* rhino.mp4 in Resources */ = {isa = PBXBuildFile; fileRef = 6A106EAD29E8A7BD00A521CC /* rhino.mp4 */; };
		6A106EB829E8A7BD00A521CC /* ostrich.mp4 in Resources */ = {isa = PBXBuildFile; fileRef = 6A106EAE29E8A7BD00A521CC /* ostrich.mp4 */; };
		6A6E6E442A02812800B20895 /* AnimalGridItemView.swift in Sources */ = {isa = PBXBuildFile; fileRef = 6A6E6E432A02812800B20895 /* AnimalGridItemView.swift */; };
		6A9D49B729DBE9E9006A2639 /* AnimalListItemView.swift in Sources */ = {isa = PBXBuildFile; fileRef = 6A9D49B629DBE9E9006A2639 /* AnimalListItemView.swift */; };
		6A9D49B929DBECDF006A2639 /* AnimalModel.swift in Sources */ = {isa = PBXBuildFile; fileRef = 6A9D49B829DBECDF006A2639 /* AnimalModel.swift */; };
		6ABEA38B29D70AA900C93EC9 /* AfricaApp.swift in Sources */ = {isa = PBXBuildFile; fileRef = 6ABEA38A29D70AA900C93EC9 /* AfricaApp.swift */; };
		6ABEA38D29D70AA900C93EC9 /* ContentView.swift in Sources */ = {isa = PBXBuildFile; fileRef = 6ABEA38C29D70AA900C93EC9 /* ContentView.swift */; };
		6ABEA38F29D70AA900C93EC9 /* Assets.xcassets in Resources */ = {isa = PBXBuildFile; fileRef = 6ABEA38E29D70AA900C93EC9 /* Assets.xcassets */; };
		6ABEA39229D70AA900C93EC9 /* Preview Assets.xcassets in Resources */ = {isa = PBXBuildFile; fileRef = 6ABEA39129D70AA900C93EC9 /* Preview Assets.xcassets */; };
		6ABEA3C729D7174B00C93EC9 /* VideoListView.swift in Sources */ = {isa = PBXBuildFile; fileRef = 6ABEA3C629D7174B00C93EC9 /* VideoListView.swift */; };
		6ABEA3C929D7177C00C93EC9 /* MapView.swift in Sources */ = {isa = PBXBuildFile; fileRef = 6ABEA3C829D7177C00C93EC9 /* MapView.swift */; };
		6ABEA3CB29D7179700C93EC9 /* GalleryView.swift in Sources */ = {isa = PBXBuildFile; fileRef = 6ABEA3CA29D7179700C93EC9 /* GalleryView.swift */; };
		6ABEA3CD29D717BE00C93EC9 /* MainView.swift in Sources */ = {isa = PBXBuildFile; fileRef = 6ABEA3CC29D717BE00C93EC9 /* MainView.swift */; };
		6ACAB29529DCB6B4004F3911 /* AnimalDetailView.swift in Sources */ = {isa = PBXBuildFile; fileRef = 6ACAB29429DCB6B4004F3911 /* AnimalDetailView.swift */; };
		6ACAB29729DCB9F7004F3911 /* HeadingView.swift in Sources */ = {isa = PBXBuildFile; fileRef = 6ACAB29629DCB9F7004F3911 /* HeadingView.swift */; };
		6ACAB29929DCBB84004F3911 /* InsetGalleryView.swift in Sources */ = {isa = PBXBuildFile; fileRef = 6ACAB29829DCBB84004F3911 /* InsetGalleryView.swift */; };
		6ACEEFC729D77A6E00F61171 /* CoverImageView.swift in Sources */ = {isa = PBXBuildFile; fileRef = 6ACEEFC629D77A6E00F61171 /* CoverImageView.swift */; };
		6ACEEFCA29D77D3600F61171 /* CoverImageModel.swift in Sources */ = {isa = PBXBuildFile; fileRef = 6ACEEFC929D77D3600F61171 /* CoverImageModel.swift */; };
		6ACEEFCD29D77F3100F61171 /* CodableBundleExtension.swift in Sources */ = {isa = PBXBuildFile; fileRef = 6ACEEFCC29D77F3100F61171 /* CodableBundleExtension.swift */; };
		6ACEEFD029D783DF00F61171 /* animals.json in Resources */ = {isa = PBXBuildFile; fileRef = 6ACEEFCF29D783DF00F61171 /* animals.json */; };
		6ACEEFD429D783EF00F61171 /* covers.json in Resources */ = {isa = PBXBuildFile; fileRef = 6ACEEFD129D783EF00F61171 /* covers.json */; };
		6ACEEFD529D783EF00F61171 /* locations.json in Resources */ = {isa = PBXBuildFile; fileRef = 6ACEEFD229D783EF00F61171 /* locations.json */; };
		6ACEEFD629D783EF00F61171 /* videos.json in Resources */ = {isa = PBXBuildFile; fileRef = 6ACEEFD329D783EF00F61171 /* videos.json */; };
		6AD1F31929E9EA36006A3607 /* LocationModel.swift in Sources */ = {isa = PBXBuildFile; fileRef = 6AD1F31829E9EA36006A3607 /* LocationModel.swift */; };
		6AD1F31B29E9F308006A3607 /* MapAnnotationView.swift in Sources */ = {isa = PBXBuildFile; fileRef = 6AD1F31A29E9F308006A3607 /* MapAnnotationView.swift */; };
		6AEA9A1D29F318130058D0FF /* MotionAnimationView.swift in Sources */ = {isa = PBXBuildFile; fileRef = 6AEA9A1C29F318130058D0FF /* MotionAnimationView.swift */; };
		6AEF8B4C29E733F6005E1676 /* InsetFactView.swift in Sources */ = {isa = PBXBuildFile; fileRef = 6AEF8B4B29E733F6005E1676 /* InsetFactView.swift */; };
		6AEF8B4E29E73C22005E1676 /* InsetMapView.swift in Sources */ = {isa = PBXBuildFile; fileRef = 6AEF8B4D29E73C22005E1676 /* InsetMapView.swift */; };
		6AEF8B5029E743E7005E1676 /* ExternalWeblinkView.swift in Sources */ = {isa = PBXBuildFile; fileRef = 6AEF8B4F29E743E7005E1676 /* ExternalWeblinkView.swift */; };
/* End PBXBuildFile section */

/* Begin PBXFileReference section */
		6A106E9129E8947B00A521CC /* VideoModel.swift */ = {isa = PBXFileReference; lastKnownFileType = sourcecode.swift; path = VideoModel.swift; sourceTree = "<group>"; };
		6A106E9329E8952E00A521CC /* VideoListItemView.swift */ = {isa = PBXFileReference; lastKnownFileType = sourcecode.swift; path = VideoListItemView.swift; sourceTree = "<group>"; };
		6A106E9529E89CCC00A521CC /* VideoPlayerView.swift */ = {isa = PBXFileReference; lastKnownFileType = sourcecode.swift; path = VideoPlayerView.swift; sourceTree = "<group>"; };
		6A106EA329E8A1F200A521CC /* VideoPlayerHelper.swift */ = {isa = PBXFileReference; lastKnownFileType = sourcecode.swift; path = VideoPlayerHelper.swift; sourceTree = "<group>"; };
		6A106EA529E8A7BB00A521CC /* cheetah.mp4 */ = {isa = PBXFileReference; lastKnownFileType = file; path = cheetah.mp4; sourceTree = "<group>"; };
		6A106EA629E8A7BC00A521CC /* giraffe.mp4 */ = {isa = PBXFileReference; lastKnownFileType = file; path = giraffe.mp4; sourceTree = "<group>"; };
		6A106EA729E8A7BC00A521CC /* gorilla.mp4 */ = {isa = PBXFileReference; lastKnownFileType = file; path = gorilla.mp4; sourceTree = "<group>"; };
		6A106EA829E8A7BC00A521CC /* lion.mp4 */ = {isa = PBXFileReference; lastKnownFileType = file; path = lion.mp4; sourceTree = "<group>"; };
		6A106EA929E8A7BC00A521CC /* lioness.mp4 */ = {isa = PBXFileReference; lastKnownFileType = file; path = lioness.mp4; sourceTree = "<group>"; };
		6A106EAA29E8A7BC00A521CC /* zebra.mp4 */ = {isa = PBXFileReference; lastKnownFileType = file; path = zebra.mp4; sourceTree = "<group>"; };
		6A106EAB29E8A7BD00A521CC /* elephant.mp4 */ = {isa = PBXFileReference; lastKnownFileType = file; path = elephant.mp4; sourceTree = "<group>"; };
		6A106EAC29E8A7BD00A521CC /* hippo.mp4 */ = {isa = PBXFileReference; lastKnownFileType = file; path = hippo.mp4; sourceTree = "<group>"; };
		6A106EAD29E8A7BD00A521CC /* rhino.mp4 */ = {isa = PBXFileReference; lastKnownFileType = file; path = rhino.mp4; sourceTree = "<group>"; };
		6A106EAE29E8A7BD00A521CC /* ostrich.mp4 */ = {isa = PBXFileReference; lastKnownFileType = file; path = ostrich.mp4; sourceTree = "<group>"; };
		6A6E6E432A02812800B20895 /* AnimalGridItemView.swift */ = {isa = PBXFileReference; lastKnownFileType = sourcecode.swift; path = AnimalGridItemView.swift; sourceTree = "<group>"; };
		6A9D49B629DBE9E9006A2639 /* AnimalListItemView.swift */ = {isa = PBXFileReference; lastKnownFileType = sourcecode.swift; path = AnimalListItemView.swift; sourceTree = "<group>"; };
		6A9D49B829DBECDF006A2639 /* AnimalModel.swift */ = {isa = PBXFileReference; lastKnownFileType = sourcecode.swift; path = AnimalModel.swift; sourceTree = "<group>"; };
		6ABEA38729D70AA900C93EC9 /* Africa.app */ = {isa = PBXFileReference; explicitFileType = wrapper.application; includeInIndex = 0; path = Africa.app; sourceTree = BUILT_PRODUCTS_DIR; };
		6ABEA38A29D70AA900C93EC9 /* AfricaApp.swift */ = {isa = PBXFileReference; lastKnownFileType = sourcecode.swift; path = AfricaApp.swift; sourceTree = "<group>"; };
		6ABEA38C29D70AA900C93EC9 /* ContentView.swift */ = {isa = PBXFileReference; lastKnownFileType = sourcecode.swift; path = ContentView.swift; sourceTree = "<group>"; };
		6ABEA38E29D70AA900C93EC9 /* Assets.xcassets */ = {isa = PBXFileReference; lastKnownFileType = folder.assetcatalog; path = Assets.xcassets; sourceTree = "<group>"; };
		6ABEA39129D70AA900C93EC9 /* Preview Assets.xcassets */ = {isa = PBXFileReference; lastKnownFileType = folder.assetcatalog; path = "Preview Assets.xcassets"; sourceTree = "<group>"; };
		6ABEA3C429D7138E00C93EC9 /* Info.plist */ = {isa = PBXFileReference; lastKnownFileType = text.plist; path = Info.plist; sourceTree = "<group>"; };
		6ABEA3C629D7174B00C93EC9 /* VideoListView.swift */ = {isa = PBXFileReference; lastKnownFileType = sourcecode.swift; path = VideoListView.swift; sourceTree = "<group>"; };
		6ABEA3C829D7177C00C93EC9 /* MapView.swift */ = {isa = PBXFileReference; lastKnownFileType = sourcecode.swift; path = MapView.swift; sourceTree = "<group>"; };
		6ABEA3CA29D7179700C93EC9 /* GalleryView.swift */ = {isa = PBXFileReference; lastKnownFileType = sourcecode.swift; path = GalleryView.swift; sourceTree = "<group>"; };
		6ABEA3CC29D717BE00C93EC9 /* MainView.swift */ = {isa = PBXFileReference; lastKnownFileType = sourcecode.swift; path = MainView.swift; sourceTree = "<group>"; };
		6ACAB29429DCB6B4004F3911 /* AnimalDetailView.swift */ = {isa = PBXFileReference; lastKnownFileType = sourcecode.swift; path = AnimalDetailView.swift; sourceTree = "<group>"; };
		6ACAB29629DCB9F7004F3911 /* HeadingView.swift */ = {isa = PBXFileReference; lastKnownFileType = sourcecode.swift; path = HeadingView.swift; sourceTree = "<group>"; };
		6ACAB29829DCBB84004F3911 /* InsetGalleryView.swift */ = {isa = PBXFileReference; lastKnownFileType = sourcecode.swift; path = InsetGalleryView.swift; sourceTree = "<group>"; };
		6ACEEFC629D77A6E00F61171 /* CoverImageView.swift */ = {isa = PBXFileReference; lastKnownFileType = sourcecode.swift; path = CoverImageView.swift; sourceTree = "<group>"; };
		6ACEEFC929D77D3600F61171 /* CoverImageModel.swift */ = {isa = PBXFileReference; lastKnownFileType = sourcecode.swift; path = CoverImageModel.swift; sourceTree = "<group>"; };
		6ACEEFCC29D77F3100F61171 /* CodableBundleExtension.swift */ = {isa = PBXFileReference; lastKnownFileType = sourcecode.swift; path = CodableBundleExtension.swift; sourceTree = "<group>"; };
		6ACEEFCF29D783DF00F61171 /* animals.json */ = {isa = PBXFileReference; fileEncoding = 4; lastKnownFileType = text.json; path = animals.json; sourceTree = "<group>"; };
		6ACEEFD129D783EF00F61171 /* covers.json */ = {isa = PBXFileReference; fileEncoding = 4; lastKnownFileType = text.json; path = covers.json; sourceTree = "<group>"; };
		6ACEEFD229D783EF00F61171 /* locations.json */ = {isa = PBXFileReference; fileEncoding = 4; lastKnownFileType = text.json; path = locations.json; sourceTree = "<group>"; };
		6ACEEFD329D783EF00F61171 /* videos.json */ = {isa = PBXFileReference; fileEncoding = 4; lastKnownFileType = text.json; path = videos.json; sourceTree = "<group>"; };
		6AD1F31829E9EA36006A3607 /* LocationModel.swift */ = {isa = PBXFileReference; lastKnownFileType = sourcecode.swift; path = LocationModel.swift; sourceTree = "<group>"; };
		6AD1F31A29E9F308006A3607 /* MapAnnotationView.swift */ = {isa = PBXFileReference; lastKnownFileType = sourcecode.swift; path = MapAnnotationView.swift; sourceTree = "<group>"; };
		6AEA9A1C29F318130058D0FF /* MotionAnimationView.swift */ = {isa = PBXFileReference; lastKnownFileType = sourcecode.swift; path = MotionAnimationView.swift; sourceTree = "<group>"; };
		6AEF8B4B29E733F6005E1676 /* InsetFactView.swift */ = {isa = PBXFileReference; lastKnownFileType = sourcecode.swift; path = InsetFactView.swift; sourceTree = "<group>"; };
		6AEF8B4D29E73C22005E1676 /* InsetMapView.swift */ = {isa = PBXFileReference; lastKnownFileType = sourcecode.swift; path = InsetMapView.swift; sourceTree = "<group>"; };
		6AEF8B4F29E743E7005E1676 /* ExternalWeblinkView.swift */ = {isa = PBXFileReference; lastKnownFileType = sourcecode.swift; path = ExternalWeblinkView.swift; sourceTree = "<group>"; };
/* End PBXFileReference section */

/* Begin PBXFrameworksBuildPhase section */
		6ABEA38429D70AA900C93EC9 /* Frameworks */ = {
			isa = PBXFrameworksBuildPhase;
			buildActionMask = 2147483647;
			files = (
			);
			runOnlyForDeploymentPostprocessing = 0;
		};
/* End PBXFrameworksBuildPhase section */

/* Begin PBXGroup section */
		6A106E9729E89F6800A521CC /* Video */ = {
			isa = PBXGroup;
			children = (
				6A106EA529E8A7BB00A521CC /* cheetah.mp4 */,
				6A106EAB29E8A7BD00A521CC /* elephant.mp4 */,
				6A106EA629E8A7BC00A521CC /* giraffe.mp4 */,
				6A106EA729E8A7BC00A521CC /* gorilla.mp4 */,
				6A106EAC29E8A7BD00A521CC /* hippo.mp4 */,
				6A106EA829E8A7BC00A521CC /* lion.mp4 */,
				6A106EA929E8A7BC00A521CC /* lioness.mp4 */,
				6A106EAE29E8A7BD00A521CC /* ostrich.mp4 */,
				6A106EAD29E8A7BD00A521CC /* rhino.mp4 */,
				6A106EAA29E8A7BC00A521CC /* zebra.mp4 */,
			);
			path = Video;
			sourceTree = "<group>";
		};
		6A106EA229E8A1CF00A521CC /* Helper */ = {
			isa = PBXGroup;
			children = (
				6A106EA329E8A1F200A521CC /* VideoPlayerHelper.swift */,
			);
			path = Helper;
			sourceTree = "<group>";
		};
		6ABEA37E29D70AA900C93EC9 = {
			isa = PBXGroup;
			children = (
				6ABEA38929D70AA900C93EC9 /* Africa */,
				6ABEA38829D70AA900C93EC9 /* Products */,
			);
			sourceTree = "<group>";
		};
		6ABEA38829D70AA900C93EC9 /* Products */ = {
			isa = PBXGroup;
			children = (
				6ABEA38729D70AA900C93EC9 /* Africa.app */,
			);
			name = Products;
			sourceTree = "<group>";
		};
		6ABEA38929D70AA900C93EC9 /* Africa */ = {
			isa = PBXGroup;
			children = (
				6A106EA229E8A1CF00A521CC /* Helper */,
				6A106E9729E89F6800A521CC /* Video */,
				6ACEEFCE29D783BD00F61171 /* Data */,
				6ACEEFCB29D77F0500F61171 /* Extension */,
				6ACEEFC829D77D1400F61171 /* Model */,
				6ACEEFC529D77A5700F61171 /* View */,
				6ABEA3C429D7138E00C93EC9 /* Info.plist */,
				6ABEA3C529D716EC00C93EC9 /* App */,
				6ABEA38E29D70AA900C93EC9 /* Assets.xcassets */,
				6ABEA39029D70AA900C93EC9 /* Preview Content */,
			);
			path = Africa;
			sourceTree = "<group>";
		};
		6ABEA39029D70AA900C93EC9 /* Preview Content */ = {
			isa = PBXGroup;
			children = (
				6ABEA39129D70AA900C93EC9 /* Preview Assets.xcassets */,
			);
			path = "Preview Content";
			sourceTree = "<group>";
		};
		6ABEA3C529D716EC00C93EC9 /* App */ = {
			isa = PBXGroup;
			children = (
				6ABEA38A29D70AA900C93EC9 /* AfricaApp.swift */,
				6ABEA38C29D70AA900C93EC9 /* ContentView.swift */,
				6ABEA3C629D7174B00C93EC9 /* VideoListView.swift */,
				6ABEA3C829D7177C00C93EC9 /* MapView.swift */,
				6ABEA3CA29D7179700C93EC9 /* GalleryView.swift */,
				6ABEA3CC29D717BE00C93EC9 /* MainView.swift */,
			);
			path = App;
			sourceTree = "<group>";
		};
		6ACEEFC529D77A5700F61171 /* View */ = {
			isa = PBXGroup;
			children = (
				6ACEEFC629D77A6E00F61171 /* CoverImageView.swift */,
				6A9D49B629DBE9E9006A2639 /* AnimalListItemView.swift */,
				6ACAB29429DCB6B4004F3911 /* AnimalDetailView.swift */,
				6ACAB29629DCB9F7004F3911 /* HeadingView.swift */,
				6ACAB29829DCBB84004F3911 /* InsetGalleryView.swift */,
				6AEF8B4B29E733F6005E1676 /* InsetFactView.swift */,
				6AEF8B4D29E73C22005E1676 /* InsetMapView.swift */,
				6AEF8B4F29E743E7005E1676 /* ExternalWeblinkView.swift */,
				6A106E9329E8952E00A521CC /* VideoListItemView.swift */,
				6A106E9529E89CCC00A521CC /* VideoPlayerView.swift */,
				6AD1F31A29E9F308006A3607 /* MapAnnotationView.swift */,
				6AEA9A1C29F318130058D0FF /* MotionAnimationView.swift */,
				6A6E6E432A02812800B20895 /* AnimalGridItemView.swift */,
			);
			path = View;
			sourceTree = "<group>";
		};
		6ACEEFC829D77D1400F61171 /* Model */ = {
			isa = PBXGroup;
			children = (
				6ACEEFC929D77D3600F61171 /* CoverImageModel.swift */,
				6A9D49B829DBECDF006A2639 /* AnimalModel.swift */,
				6A106E9129E8947B00A521CC /* VideoModel.swift */,
				6AD1F31829E9EA36006A3607 /* LocationModel.swift */,
			);
			path = Model;
			sourceTree = "<group>";
		};
		6ACEEFCB29D77F0500F61171 /* Extension */ = {
			isa = PBXGroup;
			children = (
				6ACEEFCC29D77F3100F61171 /* CodableBundleExtension.swift */,
			);
			path = Extension;
			sourceTree = "<group>";
		};
		6ACEEFCE29D783BD00F61171 /* Data */ = {
			isa = PBXGroup;
			children = (
				6ACEEFD129D783EF00F61171 /* covers.json */,
				6ACEEFD229D783EF00F61171 /* locations.json */,
				6ACEEFD329D783EF00F61171 /* videos.json */,
				6ACEEFCF29D783DF00F61171 /* animals.json */,
			);
			path = Data;
			sourceTree = "<group>";
		};
/* End PBXGroup section */

/* Begin PBXNativeTarget section */
		6ABEA38629D70AA900C93EC9 /* Africa */ = {
			isa = PBXNativeTarget;
			buildConfigurationList = 6ABEA39529D70AA900C93EC9 /* Build configuration list for PBXNativeTarget "Africa" */;
			buildPhases = (
				6ABEA38329D70AA900C93EC9 /* Sources */,
				6ABEA38429D70AA900C93EC9 /* Frameworks */,
				6ABEA38529D70AA900C93EC9 /* Resources */,
			);
			buildRules = (
			);
			dependencies = (
			);
			name = Africa;
			productName = Africa;
			productReference = 6ABEA38729D70AA900C93EC9 /* Africa.app */;
			productType = "com.apple.product-type.application";
		};
/* End PBXNativeTarget section */

/* Begin PBXProject section */
		6ABEA37F29D70AA900C93EC9 /* Project object */ = {
			isa = PBXProject;
			attributes = {
				BuildIndependentTargetsInParallel = 1;
				LastSwiftUpdateCheck = 1420;
				LastUpgradeCheck = 1420;
				TargetAttributes = {
					6ABEA38629D70AA900C93EC9 = {
						CreatedOnToolsVersion = 14.2;
					};
				};
			};
			buildConfigurationList = 6ABEA38229D70AA900C93EC9 /* Build configuration list for PBXProject "Africa" */;
			compatibilityVersion = "Xcode 14.0";
			developmentRegion = en;
			hasScannedForEncodings = 0;
			knownRegions = (
				en,
				Base,
			);
			mainGroup = 6ABEA37E29D70AA900C93EC9;
			productRefGroup = 6ABEA38829D70AA900C93EC9 /* Products */;
			projectDirPath = "";
			projectRoot = "";
			targets = (
				6ABEA38629D70AA900C93EC9 /* Africa */,
			);
		};
/* End PBXProject section */

/* Begin PBXResourcesBuildPhase section */
		6ABEA38529D70AA900C93EC9 /* Resources */ = {
			isa = PBXResourcesBuildPhase;
			buildActionMask = 2147483647;
			files = (
				6ACEEFD429D783EF00F61171 /* covers.json in Resources */,
				6A106EB329E8A7BD00A521CC /* lioness.mp4 in Resources */,
				6A106EB629E8A7BD00A521CC /* hippo.mp4 in Resources */,
				6A106EB729E8A7BD00A521CC /* rhino.mp4 in Resources */,
				6A106EB129E8A7BD00A521CC /* gorilla.mp4 in Resources */,
				6ACEEFD029D783DF00F61171 /* animals.json in Resources */,
				6A106EB829E8A7BD00A521CC /* ostrich.mp4 in Resources */,
				6A106EB429E8A7BD00A521CC /* zebra.mp4 in Resources */,
				6A106EB529E8A7BD00A521CC /* elephant.mp4 in Resources */,
				6A106EB229E8A7BD00A521CC /* lion.mp4 in Resources */,
				6ACEEFD629D783EF00F61171 /* videos.json in Resources */,
				6ABEA39229D70AA900C93EC9 /* Preview Assets.xcassets in Resources */,
				6ACEEFD529D783EF00F61171 /* locations.json in Resources */,
				6ABEA38F29D70AA900C93EC9 /* Assets.xcassets in Resources */,
				6A106EB029E8A7BD00A521CC /* giraffe.mp4 in Resources */,
				6A106EAF29E8A7BD00A521CC /* cheetah.mp4 in Resources */,
			);
			runOnlyForDeploymentPostprocessing = 0;
		};
/* End PBXResourcesBuildPhase section */

/* Begin PBXSourcesBuildPhase section */
		6ABEA38329D70AA900C93EC9 /* Sources */ = {
			isa = PBXSourcesBuildPhase;
			buildActionMask = 2147483647;
			files = (
				6AEF8B5029E743E7005E1676 /* ExternalWeblinkView.swift in Sources */,
				6ABEA38D29D70AA900C93EC9 /* ContentView.swift in Sources */,
				6A9D49B729DBE9E9006A2639 /* AnimalListItemView.swift in Sources */,
				6ABEA3CD29D717BE00C93EC9 /* MainView.swift in Sources */,
				6AEF8B4C29E733F6005E1676 /* InsetFactView.swift in Sources */,
				6ACEEFC729D77A6E00F61171 /* CoverImageView.swift in Sources */,
				6ACEEFCA29D77D3600F61171 /* CoverImageModel.swift in Sources */,
				6ACAB29529DCB6B4004F3911 /* AnimalDetailView.swift in Sources */,
				6A9D49B929DBECDF006A2639 /* AnimalModel.swift in Sources */,
				6ABEA3C929D7177C00C93EC9 /* MapView.swift in Sources */,
				6A106EA429E8A1F200A521CC /* VideoPlayerHelper.swift in Sources */,
				6AEF8B4E29E73C22005E1676 /* InsetMapView.swift in Sources */,
				6ABEA38B29D70AA900C93EC9 /* AfricaApp.swift in Sources */,
				6AD1F31B29E9F308006A3607 /* MapAnnotationView.swift in Sources */,
				6ABEA3C729D7174B00C93EC9 /* VideoListView.swift in Sources */,
				6A106E9229E8947B00A521CC /* VideoModel.swift in Sources */,
				6ABEA3CB29D7179700C93EC9 /* GalleryView.swift in Sources */,
				6AD1F31929E9EA36006A3607 /* LocationModel.swift in Sources */,
				6A6E6E442A02812800B20895 /* AnimalGridItemView.swift in Sources */,
				6ACAB29929DCBB84004F3911 /* InsetGalleryView.swift in Sources */,
				6A106E9429E8952E00A521CC /* VideoListItemView.swift in Sources */,
				6ACEEFCD29D77F3100F61171 /* CodableBundleExtension.swift in Sources */,
				6AEA9A1D29F318130058D0FF /* MotionAnimationView.swift in Sources */,
				6ACAB29729DCB9F7004F3911 /* HeadingView.swift in Sources */,
				6A106E9629E89CCC00A521CC /* VideoPlayerView.swift in Sources */,
			);
			runOnlyForDeploymentPostprocessing = 0;
		};
/* End PBXSourcesBuildPhase section */

/* Begin XCBuildConfiguration section */
		6ABEA39329D70AA900C93EC9 /* Debug */ = {
			isa = XCBuildConfiguration;
			buildSettings = {
				ALWAYS_SEARCH_USER_PATHS = NO;
				CLANG_ANALYZER_NONNULL = YES;
				CLANG_ANALYZER_NUMBER_OBJECT_CONVERSION = YES_AGGRESSIVE;
				CLANG_CXX_LANGUAGE_STANDARD = "gnu++20";
				CLANG_ENABLE_MODULES = YES;
				CLANG_ENABLE_OBJC_ARC = YES;
				CLANG_ENABLE_OBJC_WEAK = YES;
				CLANG_WARN_BLOCK_CAPTURE_AUTORELEASING = YES;
				CLANG_WARN_BOOL_CONVERSION = YES;
				CLANG_WARN_COMMA = YES;
				CLANG_WARN_CONSTANT_CONVERSION = YES;
				CLANG_WARN_DEPRECATED_OBJC_IMPLEMENTATIONS = YES;
				CLANG_WARN_DIRECT_OBJC_ISA_USAGE = YES_ERROR;
				CLANG_WARN_DOCUMENTATION_COMMENTS = YES;
				CLANG_WARN_EMPTY_BODY = YES;
				CLANG_WARN_ENUM_CONVERSION = YES;
				CLANG_WARN_INFINITE_RECURSION = YES;
				CLANG_WARN_INT_CONVERSION = YES;
				CLANG_WARN_NON_LITERAL_NULL_CONVERSION = YES;
				CLANG_WARN_OBJC_IMPLICIT_RETAIN_SELF = YES;
				CLANG_WARN_OBJC_LITERAL_CONVERSION = YES;
				CLANG_WARN_OBJC_ROOT_CLASS = YES_ERROR;
				CLANG_WARN_QUOTED_INCLUDE_IN_FRAMEWORK_HEADER = YES;
				CLANG_WARN_RANGE_LOOP_ANALYSIS = YES;
				CLANG_WARN_STRICT_PROTOTYPES = YES;
				CLANG_WARN_SUSPICIOUS_MOVE = YES;
				CLANG_WARN_UNGUARDED_AVAILABILITY = YES_AGGRESSIVE;
				CLANG_WARN_UNREACHABLE_CODE = YES;
				CLANG_WARN__DUPLICATE_METHOD_MATCH = YES;
				COPY_PHASE_STRIP = NO;
				DEBUG_INFORMATION_FORMAT = dwarf;
				ENABLE_STRICT_OBJC_MSGSEND = YES;
				ENABLE_TESTABILITY = YES;
				GCC_C_LANGUAGE_STANDARD = gnu11;
				GCC_DYNAMIC_NO_PIC = NO;
				GCC_NO_COMMON_BLOCKS = YES;
				GCC_OPTIMIZATION_LEVEL = 0;
				GCC_PREPROCESSOR_DEFINITIONS = (
					"DEBUG=1",
					"$(inherited)",
				);
				GCC_WARN_64_TO_32_BIT_CONVERSION = YES;
				GCC_WARN_ABOUT_RETURN_TYPE = YES_ERROR;
				GCC_WARN_UNDECLARED_SELECTOR = YES;
				GCC_WARN_UNINITIALIZED_AUTOS = YES_AGGRESSIVE;
				GCC_WARN_UNUSED_FUNCTION = YES;
				GCC_WARN_UNUSED_VARIABLE = YES;
				IPHONEOS_DEPLOYMENT_TARGET = 16.2;
				MTL_ENABLE_DEBUG_INFO = INCLUDE_SOURCE;
				MTL_FAST_MATH = YES;
				ONLY_ACTIVE_ARCH = YES;
				SDKROOT = iphoneos;
				SWIFT_ACTIVE_COMPILATION_CONDITIONS = DEBUG;
				SWIFT_OPTIMIZATION_LEVEL = "-Onone";
			};
			name = Debug;
		};
		6ABEA39429D70AA900C93EC9 /* Release */ = {
			isa = XCBuildConfiguration;
			buildSettings = {
				ALWAYS_SEARCH_USER_PATHS = NO;
				CLANG_ANALYZER_NONNULL = YES;
				CLANG_ANALYZER_NUMBER_OBJECT_CONVERSION = YES_AGGRESSIVE;
				CLANG_CXX_LANGUAGE_STANDARD = "gnu++20";
				CLANG_ENABLE_MODULES = YES;
				CLANG_ENABLE_OBJC_ARC = YES;
				CLANG_ENABLE_OBJC_WEAK = YES;
				CLANG_WARN_BLOCK_CAPTURE_AUTORELEASING = YES;
				CLANG_WARN_BOOL_CONVERSION = YES;
				CLANG_WARN_COMMA = YES;
				CLANG_WARN_CONSTANT_CONVERSION = YES;
				CLANG_WARN_DEPRECATED_OBJC_IMPLEMENTATIONS = YES;
				CLANG_WARN_DIRECT_OBJC_ISA_USAGE = YES_ERROR;
				CLANG_WARN_DOCUMENTATION_COMMENTS = YES;
				CLANG_WARN_EMPTY_BODY = YES;
				CLANG_WARN_ENUM_CONVERSION = YES;
				CLANG_WARN_INFINITE_RECURSION = YES;
				CLANG_WARN_INT_CONVERSION = YES;
				CLANG_WARN_NON_LITERAL_NULL_CONVERSION = YES;
				CLANG_WARN_OBJC_IMPLICIT_RETAIN_SELF = YES;
				CLANG_WARN_OBJC_LITERAL_CONVERSION = YES;
				CLANG_WARN_OBJC_ROOT_CLASS = YES_ERROR;
				CLANG_WARN_QUOTED_INCLUDE_IN_FRAMEWORK_HEADER = YES;
				CLANG_WARN_RANGE_LOOP_ANALYSIS = YES;
				CLANG_WARN_STRICT_PROTOTYPES = YES;
				CLANG_WARN_SUSPICIOUS_MOVE = YES;
				CLANG_WARN_UNGUARDED_AVAILABILITY = YES_AGGRESSIVE;
				CLANG_WARN_UNREACHABLE_CODE = YES;
				CLANG_WARN__DUPLICATE_METHOD_MATCH = YES;
				COPY_PHASE_STRIP = NO;
				DEBUG_INFORMATION_FORMAT = "dwarf-with-dsym";
				ENABLE_NS_ASSERTIONS = NO;
				ENABLE_STRICT_OBJC_MSGSEND = YES;
				GCC_C_LANGUAGE_STANDARD = gnu11;
				GCC_NO_COMMON_BLOCKS = YES;
				GCC_WARN_64_TO_32_BIT_CONVERSION = YES;
				GCC_WARN_ABOUT_RETURN_TYPE = YES_ERROR;
				GCC_WARN_UNDECLARED_SELECTOR = YES;
				GCC_WARN_UNINITIALIZED_AUTOS = YES_AGGRESSIVE;
				GCC_WARN_UNUSED_FUNCTION = YES;
				GCC_WARN_UNUSED_VARIABLE = YES;
				IPHONEOS_DEPLOYMENT_TARGET = 16.2;
				MTL_ENABLE_DEBUG_INFO = NO;
				MTL_FAST_MATH = YES;
				SDKROOT = iphoneos;
				SWIFT_COMPILATION_MODE = wholemodule;
				SWIFT_OPTIMIZATION_LEVEL = "-O";
				VALIDATE_PRODUCT = YES;
			};
			name = Release;
		};
		6ABEA39629D70AA900C93EC9 /* Debug */ = {
			isa = XCBuildConfiguration;
			buildSettings = {
				ASSETCATALOG_COMPILER_APPICON_NAME = AppIcon;
				ASSETCATALOG_COMPILER_GLOBAL_ACCENT_COLOR_NAME = AccentColor;
				CODE_SIGN_STYLE = Automatic;
				CURRENT_PROJECT_VERSION = 1;
				DEVELOPMENT_ASSET_PATHS = "\"Africa/Preview Content\"";
				ENABLE_PREVIEWS = YES;
				GENERATE_INFOPLIST_FILE = YES;
				INFOPLIST_FILE = Africa/Info.plist;
				INFOPLIST_KEY_UIApplicationSceneManifest_Generation = YES;
				INFOPLIST_KEY_UIApplicationSupportsIndirectInputEvents = YES;
				INFOPLIST_KEY_UISupportedInterfaceOrientations_iPad = "UIInterfaceOrientationPortrait UIInterfaceOrientationPortraitUpsideDown UIInterfaceOrientationLandscapeLeft UIInterfaceOrientationLandscapeRight";
				INFOPLIST_KEY_UISupportedInterfaceOrientations_iPhone = "UIInterfaceOrientationPortrait UIInterfaceOrientationLandscapeLeft UIInterfaceOrientationLandscapeRight";
				INFOPLIST_KEY_UIUserInterfaceStyle = Dark;
				LD_RUNPATH_SEARCH_PATHS = (
					"$(inherited)",
					"@executable_path/Frameworks",
				);
				MARKETING_VERSION = 1.0;
				PRODUCT_BUNDLE_IDENTIFIER = tezz.iosapplication.Africa;
				PRODUCT_NAME = "$(TARGET_NAME)";
				SWIFT_EMIT_LOC_STRINGS = YES;
				SWIFT_VERSION = 5.0;
				TARGETED_DEVICE_FAMILY = "1,2";
			};
			name = Debug;
		};
		6ABEA39729D70AA900C93EC9 /* Release */ = {
			isa = XCBuildConfiguration;
			buildSettings = {
				ASSETCATALOG_COMPILER_APPICON_NAME = AppIcon;
				ASSETCATALOG_COMPILER_GLOBAL_ACCENT_COLOR_NAME = AccentColor;
				CODE_SIGN_STYLE = Automatic;
				CURRENT_PROJECT_VERSION = 1;
				DEVELOPMENT_ASSET_PATHS = "\"Africa/Preview Content\"";
				ENABLE_PREVIEWS = YES;
				GENERATE_INFOPLIST_FILE = YES;
				INFOPLIST_FILE = Africa/Info.plist;
				INFOPLIST_KEY_UIApplicationSceneManifest_Generation = YES;
				INFOPLIST_KEY_UIApplicationSupportsIndirectInputEvents = YES;
				INFOPLIST_KEY_UISupportedInterfaceOrientations_iPad = "UIInterfaceOrientationPortrait UIInterfaceOrientationPortraitUpsideDown UIInterfaceOrientationLandscapeLeft UIInterfaceOrientationLandscapeRight";
				INFOPLIST_KEY_UISupportedInterfaceOrientations_iPhone = "UIInterfaceOrientationPortrait UIInterfaceOrientationLandscapeLeft UIInterfaceOrientationLandscapeRight";
				INFOPLIST_KEY_UIUserInterfaceStyle = Dark;
				LD_RUNPATH_SEARCH_PATHS = (
					"$(inherited)",
					"@executable_path/Frameworks",
				);
				MARKETING_VERSION = 1.0;
				PRODUCT_BUNDLE_IDENTIFIER = tezz.iosapplication.Africa;
				PRODUCT_NAME = "$(TARGET_NAME)";
				SWIFT_EMIT_LOC_STRINGS = YES;
				SWIFT_VERSION = 5.0;
				TARGETED_DEVICE_FAMILY = "1,2";
			};
			name = Release;
		};
/* End XCBuildConfiguration section */

/* Begin XCConfigurationList section */
		6ABEA38229D70AA900C93EC9 /* Build configuration list for PBXProject "Africa" */ = {
			isa = XCConfigurationList;
			buildConfigurations = (
				6ABEA39329D70AA900C93EC9 /* Debug */,
				6ABEA39429D70AA900C93EC9 /* Release */,
			);
			defaultConfigurationIsVisible = 0;
			defaultConfigurationName = Release;
		};
		6ABEA39529D70AA900C93EC9 /* Build configuration list for PBXNativeTarget "Africa" */ = {
			isa = XCConfigurationList;
			buildConfigurations = (
				6ABEA39629D70AA900C93EC9 /* Debug */,
				6ABEA39729D70AA900C93EC9 /* Release */,
			);
			defaultConfigurationIsVisible = 0;
			defaultConfigurationName = Release;
		};
/* End XCConfigurationList section */
	};
	rootObject = 6ABEA37F29D70AA900C93EC9 /* Project object */;
}
